
Microsoft Visual Studio Solution File, Format Version 12.00
# Visual Studio Version 17
VisualStudioVersion = 17.12.35521.163
MinimumVisualStudioVersion = 10.0.40219.1
Project("{FAE04EC0-301F-11D3-BF4B-00C04F79EFBC}") = "Alg2CourseWorkDay20", "Alg2CourseWork\Alg2CourseWorkDay20.csproj", "{89B66A4B-03F9-4E8B-8494-089F125DE145}"
EndProject
Project("{FAE04EC0-301F-11D3-BF4B-00C04F79EFBC}") = "Day1", "Day1\Day1.csproj", "{2EBB21F0-BE03-4783-B793-E4F58A6D7F9F}"
EndProject
Project("{FAE04EC0-301F-11D3-BF4B-00C04F79EFBC}") = "Day2", "Day2\Day2.csproj", "{C97D9FBC-C2EC-4C8E-A4B2-FEBC59D9214B}"
EndProject
Project("{FAE04EC0-301F-11D3-BF4B-00C04F79EFBC}") = "Day3", "Day3\Day3.csproj", "{524D1C45-6CE7-4D5A-99A8-D8365DB1A51B}"
EndProject
Project("{FAE04EC0-301F-11D3-BF4B-00C04F79EFBC}") = "Day4", "Day4\Day4.csproj", "{BE1800C0-F205-4507-988A-220613D76584}"
EndProject
Global
	GlobalSection(SolutionConfigurationPlatforms) = preSolution
		Debug|Any CPU = Debug|Any CPU
		Release|Any CPU = Release|Any CPU
	EndGlobalSection
	GlobalSection(ProjectConfigurationPlatforms) = postSolution
		{89B66A4B-03F9-4E8B-8494-089F125DE145}.Debug|Any CPU.ActiveCfg = Debug|Any CPU
		{89B66A4B-03F9-4E8B-8494-089F125DE145}.Debug|Any CPU.Build.0 = Debug|Any CPU
		{89B66A4B-03F9-4E8B-8494-089F125DE145}.Release|Any CPU.ActiveCfg = Release|Any CPU
		{89B66A4B-03F9-4E8B-8494-089F125DE145}.Release|Any CPU.Build.0 = Release|Any CPU
		{2EBB21F0-BE03-4783-B793-E4F58A6D7F9F}.Debug|Any CPU.ActiveCfg = Debug|Any CPU
		{2EBB21F0-BE03-4783-B793-E4F58A6D7F9F}.Debug|Any CPU.Build.0 = Debug|Any CPU
		{2EBB21F0-BE03-4783-B793-E4F58A6D7F9F}.Release|Any CPU.ActiveCfg = Release|Any CPU
		{2EBB21F0-BE03-4783-B793-E4F58A6D7F9F}.Release|Any CPU.Build.0 = Release|Any CPU
		{C97D9FBC-C2EC-4C8E-A4B2-FEBC59D9214B}.Debug|Any CPU.ActiveCfg = Debug|Any CPU
		{C97D9FBC-C2EC-4C8E-A4B2-FEBC59D9214B}.Debug|Any CPU.Build.0 = Debug|Any CPU
		{C97D9FBC-C2EC-4C8E-A4B2-FEBC59D9214B}.Release|Any CPU.ActiveCfg = Release|Any CPU
		{C97D9FBC-C2EC-4C8E-A4B2-FEBC59D9214B}.Release|Any CPU.Build.0 = Release|Any CPU
		{524D1C45-6CE7-4D5A-99A8-D8365DB1A51B}.Debug|Any CPU.ActiveCfg = Debug|Any CPU
		{524D1C45-6CE7-4D5A-99A8-D8365DB1A51B}.Debug|Any CPU.Build.0 = Debug|Any CPU
		{524D1C45-6CE7-4D5A-99A8-D8365DB1A51B}.Release|Any CPU.ActiveCfg = Release|Any CPU
		{524D1C45-6CE7-4D5A-99A8-D8365DB1A51B}.Release|Any CPU.Build.0 = Release|Any CPU
		{BE1800C0-F205-4507-988A-220613D76584}.Debug|Any CPU.ActiveCfg = Debug|Any CPU
		{BE1800C0-F205-4507-988A-220613D76584}.Debug|Any CPU.Build.0 = Debug|Any CPU
		{BE1800C0-F205-4507-988A-220613D76584}.Release|Any CPU.ActiveCfg = Release|Any CPU
		{BE1800C0-F205-4507-988A-220613D76584}.Release|Any CPU.Build.0 = Release|Any CPU
	EndGlobalSection
	GlobalSection(SolutionProperties) = preSolution
		HideSolutionNode = FALSE
	EndGlobalSection
EndGlobal
